
Microsoft Visual Studio Solution File, Format Version 12.00
# Visual Studio Version 17
VisualStudioVersion = 17.1.32210.238
MinimumVisualStudioVersion = 10.0.40219.1
Project("{FAE04EC0-301F-11D3-BF4B-00C04F79EFBC}") = "StaticExercise", "StaticExercise\StaticExercise.csproj", "{213491A2-A5C5-44D7-9280-C0E291A17D5C}"
EndProject
Global
	GlobalSection(SolutionConfigurationPlatforms) = preSolution
		Debug|Any CPU = Debug|Any CPU
		Release|Any CPU = Release|Any CPU
	EndGlobalSection
	GlobalSection(ProjectConfigurationPlatforms) = postSolution
		{213491A2-A5C5-44D7-9280-C0E291A17D5C}.Debug|Any CPU.ActiveCfg = Debug|Any CPU
		{213491A2-A5C5-44D7-9280-C0E291A17D5C}.Debug|Any CPU.Build.0 = Debug|Any CPU
		{213491A2-A5C5-44D7-9280-C0E291A17D5C}.Release|Any CPU.ActiveCfg = Release|Any CPU
		{213491A2-A5C5-44D7-9280-C0E291A17D5C}.Release|Any CPU.Build.0 = Release|Any CPU
	EndGlobalSection
	GlobalSection(SolutionProperties) = preSolution
		HideSolutionNode = FALSE
	EndGlobalSection
	GlobalSection(ExtensibilityGlobals) = postSolution
		SolutionGuid = {6BECBB07-2566-459C-9434-8B32CF34B649}
	EndGlobalSection
EndGlobal
